{
  "name": "goof",
  "version": "1.0.1",
  "lockfileVersion": 3,
  "requires": true,
  "packages": {
    "": {
      "name": "goof",
      "version": "1.0.1",
      "license": "Apache-2.0",
      "dependencies": {
        "adm-zip": "0.4.9"
      }
    },
    "node_modules/adm-zip": {
      "version": "0.4.9",
      "resolved": "https://registry.npmjs.org/adm-zip/-/adm-zip-0.4.9.tgz",
      "integrity": "sha512-eknaJ3Io/JasGGinVeqY5TsPlQgHbiNlHnK5zdFPRNs9XRggDykKz8zPesneOMEZJxWji7G3CfsUW0Ds9Dw0Bw==",
      "license": "MIT",
      "engines": {
        "node": ">=0.3.0"
      }
    }
  }
}
